// !$*UTF8*$!
{
	archiveVersion = 1;
	classes = {
	};
	objectVersion = 51;
	objects = {

/* Begin PBXBuildFile section */
		4253B9E223B5994100176B7D /* SplashController.swift in Sources */ = {isa = PBXBuildFile; fileRef = 4253B9E123B5994100176B7D /* SplashController.swift */; };
		4297A61723B36DF500D75D5E /* AppDelegate.swift in Sources */ = {isa = PBXBuildFile; fileRef = 4297A61623B36DF500D75D5E /* AppDelegate.swift */; };
		4297A61923B36DF500D75D5E /* ViewController.swift in Sources */ = {isa = PBXBuildFile; fileRef = 4297A61823B36DF500D75D5E /* ViewController.swift */; };
		4297A61C23B36DF500D75D5E /* Main.storyboard in Resources */ = {isa = PBXBuildFile; fileRef = 4297A61A23B36DF500D75D5E /* Main.storyboard */; };
		4297A61E23B36DF600D75D5E /* Assets.xcassets in Resources */ = {isa = PBXBuildFile; fileRef = 4297A61D23B36DF600D75D5E /* Assets.xcassets */; };
		4297A62123B36DF600D75D5E /* LaunchScreen.storyboard in Resources */ = {isa = PBXBuildFile; fileRef = 4297A61F23B36DF600D75D5E /* LaunchScreen.storyboard */; };
		4297A62C23B36DF600D75D5E /* ios_vcanbuyTests.swift in Sources */ = {isa = PBXBuildFile; fileRef = 4297A62B23B36DF600D75D5E /* ios_vcanbuyTests.swift */; };
		4297A63723B36DF600D75D5E /* ios_vcanbuyUITests.swift in Sources */ = {isa = PBXBuildFile; fileRef = 4297A63623B36DF600D75D5E /* ios_vcanbuyUITests.swift */; };
		42B02A7023B4B24600516FF0 /* GuideController.swift in Sources */ = {isa = PBXBuildFile; fileRef = 42B02A6F23B4B24600516FF0 /* GuideController.swift */; };
		556C037CBEB7EB6BD55FB95E /* Pods_ios_vcanbuyTests.framework in Frameworks */ = {isa = PBXBuildFile; fileRef = 56D3C510E10A1BF22C54BD2F /* Pods_ios_vcanbuyTests.framework */; };
		9E8270585A6EF9EEED8D7AA4 /* Pods_ios_vcanbuyUITests.framework in Frameworks */ = {isa = PBXBuildFile; fileRef = 1C334DAD474E72FEB29B6F57 /* Pods_ios_vcanbuyUITests.framework */; };
		BB0D02ABCFA5F6BAD021412F /* Pods_ios_vcanbuy.framework in Frameworks */ = {isa = PBXBuildFile; fileRef = 81B4FC52E5001ACD80BE87A1 /* Pods_ios_vcanbuy.framework */; };
/* End PBXBuildFile section */

/* Begin PBXContainerItemProxy section */
		4297A62823B36DF600D75D5E /* PBXContainerItemProxy */ = {
			isa = PBXContainerItemProxy;
			containerPortal = 4297A60B23B36DF500D75D5E /* Project object */;
			proxyType = 1;
			remoteGlobalIDString = 4297A61223B36DF500D75D5E;
			remoteInfo = ios_vcanbuy;
		};
		4297A63323B36DF600D75D5E /* PBXContainerItemProxy */ = {
			isa = PBXContainerItemProxy;
			containerPortal = 4297A60B23B36DF500D75D5E /* Project object */;
			proxyType = 1;
			remoteGlobalIDString = 4297A61223B36DF500D75D5E;
			remoteInfo = ios_vcanbuy;
		};
/* End PBXContainerItemProxy section */

/* Begin PBXFileReference section */
		1BC5124686E109CC230075C7 /* Pods-ios_vcanbuyUITests.release.xcconfig */ = {isa = PBXFileReference; includeInIndex = 1; lastKnownFileType = text.xcconfig; name = "Pods-ios_vcanbuyUITests.release.xcconfig"; path = "Target Support Files/Pods-ios_vcanbuyUITests/Pods-ios_vcanbuyUITests.release.xcconfig"; sourceTree = "<group>"; };
		1C334DAD474E72FEB29B6F57 /* Pods_ios_vcanbuyUITests.framework */ = {isa = PBXFileReference; explicitFileType = wrapper.framework; includeInIndex = 0; path = Pods_ios_vcanbuyUITests.framework; sourceTree = BUILT_PRODUCTS_DIR; };
		3874CB11A4B8EAAB8D3C3ACA /* Pods-ios_vcanbuyUITests.debug.xcconfig */ = {isa = PBXFileReference; includeInIndex = 1; lastKnownFileType = text.xcconfig; name = "Pods-ios_vcanbuyUITests.debug.xcconfig"; path = "Target Support Files/Pods-ios_vcanbuyUITests/Pods-ios_vcanbuyUITests.debug.xcconfig"; sourceTree = "<group>"; };
		4253B9E123B5994100176B7D /* SplashController.swift */ = {isa = PBXFileReference; lastKnownFileType = sourcecode.swift; path = SplashController.swift; sourceTree = "<group>"; };
		4297A61323B36DF500D75D5E /* ios_vcanbuy.app */ = {isa = PBXFileReference; explicitFileType = wrapper.application; includeInIndex = 0; path = ios_vcanbuy.app; sourceTree = BUILT_PRODUCTS_DIR; };
		4297A61623B36DF500D75D5E /* AppDelegate.swift */ = {isa = PBXFileReference; lastKnownFileType = sourcecode.swift; path = AppDelegate.swift; sourceTree = "<group>"; };
		4297A61823B36DF500D75D5E /* ViewController.swift */ = {isa = PBXFileReference; lastKnownFileType = sourcecode.swift; path = ViewController.swift; sourceTree = "<group>"; };
		4297A61B23B36DF500D75D5E /* Base */ = {isa = PBXFileReference; lastKnownFileType = file.storyboard; name = Base; path = Base.lproj/Main.storyboard; sourceTree = "<group>"; };
		4297A61D23B36DF600D75D5E /* Assets.xcassets */ = {isa = PBXFileReference; lastKnownFileType = folder.assetcatalog; path = Assets.xcassets; sourceTree = "<group>"; };
		4297A62023B36DF600D75D5E /* Base */ = {isa = PBXFileReference; lastKnownFileType = file.storyboard; name = Base; path = Base.lproj/LaunchScreen.storyboard; sourceTree = "<group>"; };
		4297A62223B36DF600D75D5E /* Info.plist */ = {isa = PBXFileReference; lastKnownFileType = text.plist.xml; path = Info.plist; sourceTree = "<group>"; };
		4297A62723B36DF600D75D5E /* ios_vcanbuyTests.xctest */ = {isa = PBXFileReference; explicitFileType = wrapper.cfbundle; includeInIndex = 0; path = ios_vcanbuyTests.xctest; sourceTree = BUILT_PRODUCTS_DIR; };
		4297A62B23B36DF600D75D5E /* ios_vcanbuyTests.swift */ = {isa = PBXFileReference; lastKnownFileType = sourcecode.swift; path = ios_vcanbuyTests.swift; sourceTree = "<group>"; };
		4297A62D23B36DF600D75D5E /* Info.plist */ = {isa = PBXFileReference; lastKnownFileType = text.plist.xml; path = Info.plist; sourceTree = "<group>"; };
		4297A63223B36DF600D75D5E /* ios_vcanbuyUITests.xctest */ = {isa = PBXFileReference; explicitFileType = wrapper.cfbundle; includeInIndex = 0; path = ios_vcanbuyUITests.xctest; sourceTree = BUILT_PRODUCTS_DIR; };
		4297A63623B36DF600D75D5E /* ios_vcanbuyUITests.swift */ = {isa = PBXFileReference; lastKnownFileType = sourcecode.swift; path = ios_vcanbuyUITests.swift; sourceTree = "<group>"; };
		4297A63823B36DF600D75D5E /* Info.plist */ = {isa = PBXFileReference; lastKnownFileType = text.plist.xml; path = Info.plist; sourceTree = "<group>"; };
		42B02A6F23B4B24600516FF0 /* GuideController.swift */ = {isa = PBXFileReference; lastKnownFileType = sourcecode.swift; path = GuideController.swift; sourceTree = "<group>"; };
		56D3C510E10A1BF22C54BD2F /* Pods_ios_vcanbuyTests.framework */ = {isa = PBXFileReference; explicitFileType = wrapper.framework; includeInIndex = 0; path = Pods_ios_vcanbuyTests.framework; sourceTree = BUILT_PRODUCTS_DIR; };
		7DF43DE43BE869EE67AEBEF6 /* Pods-ios_vcanbuy.release.xcconfig */ = {isa = PBXFileReference; includeInIndex = 1; lastKnownFileType = text.xcconfig; name = "Pods-ios_vcanbuy.release.xcconfig"; path = "Target Support Files/Pods-ios_vcanbuy/Pods-ios_vcanbuy.release.xcconfig"; sourceTree = "<group>"; };
		81B4FC52E5001ACD80BE87A1 /* Pods_ios_vcanbuy.framework */ = {isa = PBXFileReference; explicitFileType = wrapper.framework; includeInIndex = 0; path = Pods_ios_vcanbuy.framework; sourceTree = BUILT_PRODUCTS_DIR; };
		81FCF892CB18C3F173F41E76 /* Pods-ios_vcanbuyTests.debug.xcconfig */ = {isa = PBXFileReference; includeInIndex = 1; lastKnownFileType = text.xcconfig; name = "Pods-ios_vcanbuyTests.debug.xcconfig"; path = "Target Support Files/Pods-ios_vcanbuyTests/Pods-ios_vcanbuyTests.debug.xcconfig"; sourceTree = "<group>"; };
		9510ABFECC92B2AA6051A030 /* Pods-ios_vcanbuy.debug.xcconfig */ = {isa = PBXFileReference; includeInIndex = 1; lastKnownFileType = text.xcconfig; name = "Pods-ios_vcanbuy.debug.xcconfig"; path = "Target Support Files/Pods-ios_vcanbuy/Pods-ios_vcanbuy.debug.xcconfig"; sourceTree = "<group>"; };
		B404393AAFF81BD1A1ECBD54 /* Pods-ios_vcanbuyTests.release.xcconfig */ = {isa = PBXFileReference; includeInIndex = 1; lastKnownFileType = text.xcconfig; name = "Pods-ios_vcanbuyTests.release.xcconfig"; path = "Target Support Files/Pods-ios_vcanbuyTests/Pods-ios_vcanbuyTests.release.xcconfig"; sourceTree = "<group>"; };
/* End PBXFileReference section */

/* Begin PBXFrameworksBuildPhase section */
		4297A61023B36DF500D75D5E /* Frameworks */ = {
			isa = PBXFrameworksBuildPhase;
			buildActionMask = 2147483647;
			files = (
				BB0D02ABCFA5F6BAD021412F /* Pods_ios_vcanbuy.framework in Frameworks */,
			);
			runOnlyForDeploymentPostprocessing = 0;
		};
		4297A62423B36DF600D75D5E /* Frameworks */ = {
			isa = PBXFrameworksBuildPhase;
			buildActionMask = 2147483647;
			files = (
				556C037CBEB7EB6BD55FB95E /* Pods_ios_vcanbuyTests.framework in Frameworks */,
			);
			runOnlyForDeploymentPostprocessing = 0;
		};
		4297A62F23B36DF600D75D5E /* Frameworks */ = {
			isa = PBXFrameworksBuildPhase;
			buildActionMask = 2147483647;
			files = (
				9E8270585A6EF9EEED8D7AA4 /* Pods_ios_vcanbuyUITests.framework in Frameworks */,
			);
			runOnlyForDeploymentPostprocessing = 0;
		};
/* End PBXFrameworksBuildPhase section */

/* Begin PBXGroup section */
		287C11261779598C6A797454 /* Pods */ = {
			isa = PBXGroup;
			children = (
				9510ABFECC92B2AA6051A030 /* Pods-ios_vcanbuy.debug.xcconfig */,
				7DF43DE43BE869EE67AEBEF6 /* Pods-ios_vcanbuy.release.xcconfig */,
				81FCF892CB18C3F173F41E76 /* Pods-ios_vcanbuyTests.debug.xcconfig */,
				B404393AAFF81BD1A1ECBD54 /* Pods-ios_vcanbuyTests.release.xcconfig */,
				3874CB11A4B8EAAB8D3C3ACA /* Pods-ios_vcanbuyUITests.debug.xcconfig */,
				1BC5124686E109CC230075C7 /* Pods-ios_vcanbuyUITests.release.xcconfig */,
			);
			path = Pods;
			sourceTree = "<group>";
		};
		4297A60A23B36DF500D75D5E = {
			isa = PBXGroup;
			children = (
				4297A61523B36DF500D75D5E /* ios_vcanbuy */,
				4297A62A23B36DF600D75D5E /* ios_vcanbuyTests */,
				4297A63523B36DF600D75D5E /* ios_vcanbuyUITests */,
				4297A61423B36DF500D75D5E /* Products */,
				287C11261779598C6A797454 /* Pods */,
				C8FF6FB5519DD0EA704FD848 /* Frameworks */,
			);
			sourceTree = "<group>";
		};
		4297A61423B36DF500D75D5E /* Products */ = {
			isa = PBXGroup;
			children = (
				4297A61323B36DF500D75D5E /* ios_vcanbuy.app */,
				4297A62723B36DF600D75D5E /* ios_vcanbuyTests.xctest */,
				4297A63223B36DF600D75D5E /* ios_vcanbuyUITests.xctest */,
			);
			name = Products;
			sourceTree = "<group>";
		};
		4297A61523B36DF500D75D5E /* ios_vcanbuy */ = {
			isa = PBXGroup;
			children = (
				4297A61623B36DF500D75D5E /* AppDelegate.swift */,
				4297A61823B36DF500D75D5E /* ViewController.swift */,
				4297A61A23B36DF500D75D5E /* Main.storyboard */,
				4297A61D23B36DF600D75D5E /* Assets.xcassets */,
				4297A61F23B36DF600D75D5E /* LaunchScreen.storyboard */,
				4297A62223B36DF600D75D5E /* Info.plist */,
				42B02A6F23B4B24600516FF0 /* GuideController.swift */,
				4253B9E123B5994100176B7D /* SplashController.swift */,
			);
			path = ios_vcanbuy;
			sourceTree = "<group>";
		};
		4297A62A23B36DF600D75D5E /* ios_vcanbuyTests */ = {
			isa = PBXGroup;
			children = (
				4297A62B23B36DF600D75D5E /* ios_vcanbuyTests.swift */,
				4297A62D23B36DF600D75D5E /* Info.plist */,
			);
			path = ios_vcanbuyTests;
			sourceTree = "<group>";
		};
		4297A63523B36DF600D75D5E /* ios_vcanbuyUITests */ = {
			isa = PBXGroup;
			children = (
				4297A63623B36DF600D75D5E /* ios_vcanbuyUITests.swift */,
				4297A63823B36DF600D75D5E /* Info.plist */,
			);
			path = ios_vcanbuyUITests;
			sourceTree = "<group>";
		};
		C8FF6FB5519DD0EA704FD848 /* Frameworks */ = {
			isa = PBXGroup;
			children = (
				81B4FC52E5001ACD80BE87A1 /* Pods_ios_vcanbuy.framework */,
				56D3C510E10A1BF22C54BD2F /* Pods_ios_vcanbuyTests.framework */,
				1C334DAD474E72FEB29B6F57 /* Pods_ios_vcanbuyUITests.framework */,
			);
			name = Frameworks;
			sourceTree = "<group>";
		};
/* End PBXGroup section */

/* Begin PBXNativeTarget section */
		4297A61223B36DF500D75D5E /* ios_vcanbuy */ = {
			isa = PBXNativeTarget;
			buildConfigurationList = 4297A63B23B36DF600D75D5E /* Build configuration list for PBXNativeTarget "ios_vcanbuy" */;
			buildPhases = (
				A968B477AAF9EEFAB262121E /* [CP] Check Pods Manifest.lock */,
				4297A60F23B36DF500D75D5E /* Sources */,
				4297A61023B36DF500D75D5E /* Frameworks */,
				4297A61123B36DF500D75D5E /* Resources */,
				9F1D47E9DF0C3A9B620FE0C8 /* [CP] Embed Pods Frameworks */,
			);
			buildRules = (
			);
			dependencies = (
			);
			name = ios_vcanbuy;
			productName = ios_vcanbuy;
			productReference = 4297A61323B36DF500D75D5E /* ios_vcanbuy.app */;
			productType = "com.apple.product-type.application";
		};
		4297A62623B36DF600D75D5E /* ios_vcanbuyTests */ = {
			isa = PBXNativeTarget;
			buildConfigurationList = 4297A63E23B36DF600D75D5E /* Build configuration list for PBXNativeTarget "ios_vcanbuyTests" */;
			buildPhases = (
				2ACFAD84AF0CC48D4A05F8FB /* [CP] Check Pods Manifest.lock */,
				4297A62323B36DF600D75D5E /* Sources */,
				4297A62423B36DF600D75D5E /* Frameworks */,
				4297A62523B36DF600D75D5E /* Resources */,
			);
			buildRules = (
			);
			dependencies = (
				4297A62923B36DF600D75D5E /* PBXTargetDependency */,
			);
			name = ios_vcanbuyTests;
			productName = ios_vcanbuyTests;
			productReference = 4297A62723B36DF600D75D5E /* ios_vcanbuyTests.xctest */;
			productType = "com.apple.product-type.bundle.unit-test";
		};
		4297A63123B36DF600D75D5E /* ios_vcanbuyUITests */ = {
			isa = PBXNativeTarget;
			buildConfigurationList = 4297A64123B36DF600D75D5E /* Build configuration list for PBXNativeTarget "ios_vcanbuyUITests" */;
			buildPhases = (
				CA2F0ABC8CB0AB9D90C5830A /* [CP] Check Pods Manifest.lock */,
				4297A62E23B36DF600D75D5E /* Sources */,
				4297A62F23B36DF600D75D5E /* Frameworks */,
				4297A63023B36DF600D75D5E /* Resources */,
			);
			buildRules = (
			);
			dependencies = (
				4297A63423B36DF600D75D5E /* PBXTargetDependency */,
			);
			name = ios_vcanbuyUITests;
			productName = ios_vcanbuyUITests;
			productReference = 4297A63223B36DF600D75D5E /* ios_vcanbuyUITests.xctest */;
			productType = "com.apple.product-type.bundle.ui-testing";
		};
/* End PBXNativeTarget section */

/* Begin PBXProject section */
		4297A60B23B36DF500D75D5E /* Project object */ = {
			isa = PBXProject;
			attributes = {
				LastSwiftUpdateCheck = 1000;
				LastUpgradeCheck = 1000;
				ORGANIZATIONNAME = vcanbuy;
				TargetAttributes = {
					4297A61223B36DF500D75D5E = {
						CreatedOnToolsVersion = 10.0;
					};
					4297A62623B36DF600D75D5E = {
						CreatedOnToolsVersion = 10.0;
						TestTargetID = 4297A61223B36DF500D75D5E;
					};
					4297A63123B36DF600D75D5E = {
						CreatedOnToolsVersion = 10.0;
						TestTargetID = 4297A61223B36DF500D75D5E;
					};
				};
			};
			buildConfigurationList = 4297A60E23B36DF500D75D5E /* Build configuration list for PBXProject "ios_vcanbuy" */;
			compatibilityVersion = "Xcode 9.3";
			developmentRegion = en;
			hasScannedForEncodings = 0;
			knownRegions = (
				en,
				Base,
			);
			mainGroup = 4297A60A23B36DF500D75D5E;
			productRefGroup = 4297A61423B36DF500D75D5E /* Products */;
			projectDirPath = "";
			projectRoot = "";
			targets = (
				4297A61223B36DF500D75D5E /* ios_vcanbuy */,
				4297A62623B36DF600D75D5E /* ios_vcanbuyTests */,
				4297A63123B36DF600D75D5E /* ios_vcanbuyUITests */,
			);
		};
/* End PBXProject section */

/* Begin PBXResourcesBuildPhase section */
		4297A61123B36DF500D75D5E /* Resources */ = {
			isa = PBXResourcesBuildPhase;
			buildActionMask = 2147483647;
			files = (
				4297A62123B36DF600D75D5E /* LaunchScreen.storyboard in Resources */,
				4297A61E23B36DF600D75D5E /* Assets.xcassets in Resources */,
				4297A61C23B36DF500D75D5E /* Main.storyboard in Resources */,
			);
			runOnlyForDeploymentPostprocessing = 0;
		};
		4297A62523B36DF600D75D5E /* Resources */ = {
			isa = PBXResourcesBuildPhase;
			buildActionMask = 2147483647;
			files = (
			);
			runOnlyForDeploymentPostprocessing = 0;
		};
		4297A63023B36DF600D75D5E /* Resources */ = {
			isa = PBXResourcesBuildPhase;
			buildActionMask = 2147483647;
			files = (
			);
			runOnlyForDeploymentPostprocessing = 0;
		};
/* End PBXResourcesBuildPhase section */

/* Begin PBXShellScriptBuildPhase section */
		2ACFAD84AF0CC48D4A05F8FB /* [CP] Check Pods Manifest.lock */ = {
			isa = PBXShellScriptBuildPhase;
			buildActionMask = 2147483647;
			files = (
			);
			inputFileListPaths = (
			);
			inputPaths = (
				"${PODS_PODFILE_DIR_PATH}/Podfile.lock",
				"${PODS_ROOT}/Manifest.lock",
			);
			name = "[CP] Check Pods Manifest.lock";
			outputFileListPaths = (
			);
			outputPaths = (
				"$(DERIVED_FILE_DIR)/Pods-ios_vcanbuyTests-checkManifestLockResult.txt",
			);
			runOnlyForDeploymentPostprocessing = 0;
			shellPath = /bin/sh;
			shellScript = "diff \"${PODS_PODFILE_DIR_PATH}/Podfile.lock\" \"${PODS_ROOT}/Manifest.lock\" > /dev/null\nif [ $? != 0 ] ; then\n    # print error to STDERR\n    echo \"error: The sandbox is not in sync with the Podfile.lock. Run 'pod install' or update your CocoaPods installation.\" >&2\n    exit 1\nfi\n# This output is used by Xcode 'outputs' to avoid re-running this script phase.\necho \"SUCCESS\" > \"${SCRIPT_OUTPUT_FILE_0}\"\n";
			showEnvVarsInLog = 0;
		};
		9F1D47E9DF0C3A9B620FE0C8 /* [CP] Embed Pods Frameworks */ = {
			isa = PBXShellScriptBuildPhase;
			buildActionMask = 2147483647;
			files = (
			);
			inputFileListPaths = (
				"${PODS_ROOT}/Target Support Files/Pods-ios_vcanbuy/Pods-ios_vcanbuy-frameworks-${CONFIGURATION}-input-files.xcfilelist",
			);
			name = "[CP] Embed Pods Frameworks";
			outputFileListPaths = (
				"${PODS_ROOT}/Target Support Files/Pods-ios_vcanbuy/Pods-ios_vcanbuy-frameworks-${CONFIGURATION}-output-files.xcfilelist",
			);
			runOnlyForDeploymentPostprocessing = 0;
			shellPath = /bin/sh;
			shellScript = "\"${PODS_ROOT}/Target Support Files/Pods-ios_vcanbuy/Pods-ios_vcanbuy-frameworks.sh\"\n";
			showEnvVarsInLog = 0;
		};
		A968B477AAF9EEFAB262121E /* [CP] Check Pods Manifest.lock */ = {
			isa = PBXShellScriptBuildPhase;
			buildActionMask = 2147483647;
			files = (
			);
			inputFileListPaths = (
			);
			inputPaths = (
				"${PODS_PODFILE_DIR_PATH}/Podfile.lock",
				"${PODS_ROOT}/Manifest.lock",
			);
			name = "[CP] Check Pods Manifest.lock";
			outputFileListPaths = (
			);
			outputPaths = (
				"$(DERIVED_FILE_DIR)/Pods-ios_vcanbuy-checkManifestLockResult.txt",
			);
			runOnlyForDeploymentPostprocessing = 0;
			shellPath = /bin/sh;
			shellScript = "diff \"${PODS_PODFILE_DIR_PATH}/Podfile.lock\" \"${PODS_ROOT}/Manifest.lock\" > /dev/null\nif [ $? != 0 ] ; then\n    # print error to STDERR\n    echo \"error: The sandbox is not in sync with the Podfile.lock. Run 'pod install' or update your CocoaPods installation.\" >&2\n    exit 1\nfi\n# This output is used by Xcode 'outputs' to avoid re-running this script phase.\necho \"SUCCESS\" > \"${SCRIPT_OUTPUT_FILE_0}\"\n";
			showEnvVarsInLog = 0;
		};
		CA2F0ABC8CB0AB9D90C5830A /* [CP] Check Pods Manifest.lock */ = {
			isa = PBXShellScriptBuildPhase;
			buildActionMask = 2147483647;
			files = (
			);
			inputFileListPaths = (
			);
			inputPaths = (
				"${PODS_PODFILE_DIR_PATH}/Podfile.lock",
				"${PODS_ROOT}/Manifest.lock",
			);
			name = "[CP] Check Pods Manifest.lock";
			outputFileListPaths = (
			);
			outputPaths = (
				"$(DERIVED_FILE_DIR)/Pods-ios_vcanbuyUITests-checkManifestLockResult.txt",
			);
			runOnlyForDeploymentPostprocessing = 0;
			shellPath = /bin/sh;
			shellScript = "diff \"${PODS_PODFILE_DIR_PATH}/Podfile.lock\" \"${PODS_ROOT}/Manifest.lock\" > /dev/null\nif [ $? != 0 ] ; then\n    # print error to STDERR\n    echo \"error: The sandbox is not in sync with the Podfile.lock. Run 'pod install' or update your CocoaPods installation.\" >&2\n    exit 1\nfi\n# This output is used by Xcode 'outputs' to avoid re-running this script phase.\necho \"SUCCESS\" > \"${SCRIPT_OUTPUT_FILE_0}\"\n";
			showEnvVarsInLog = 0;
		};
/* End PBXShellScriptBuildPhase section */

/* Begin PBXSourcesBuildPhase section */
		4297A60F23B36DF500D75D5E /* Sources */ = {
			isa = PBXSourcesBuildPhase;
			buildActionMask = 2147483647;
			files = (
				4297A61923B36DF500D75D5E /* ViewController.swift in Sources */,
				4253B9E223B5994100176B7D /* SplashController.swift in Sources */,
				42B02A7023B4B24600516FF0 /* GuideController.swift in Sources */,
				4297A61723B36DF500D75D5E /* AppDelegate.swift in Sources */,
			);
			runOnlyForDeploymentPostprocessing = 0;
		};
		4297A62323B36DF600D75D5E /* Sources */ = {
			isa = PBXSourcesBuildPhase;
			buildActionMask = 2147483647;
			files = (
				4297A62C23B36DF600D75D5E /* ios_vcanbuyTests.swift in Sources */,
			);
			runOnlyForDeploymentPostprocessing = 0;
		};
		4297A62E23B36DF600D75D5E /* Sources */ = {
			isa = PBXSourcesBuildPhase;
			buildActionMask = 2147483647;
			files = (
				4297A63723B36DF600D75D5E /* ios_vcanbuyUITests.swift in Sources */,
			);
			runOnlyForDeploymentPostprocessing = 0;
		};
/* End PBXSourcesBuildPhase section */

/* Begin PBXTargetDependency section */
		4297A62923B36DF600D75D5E /* PBXTargetDependency */ = {
			isa = PBXTargetDependency;
			target = 4297A61223B36DF500D75D5E /* ios_vcanbuy */;
			targetProxy = 4297A62823B36DF600D75D5E /* PBXContainerItemProxy */;
		};
		4297A63423B36DF600D75D5E /* PBXTargetDependency */ = {
			isa = PBXTargetDependency;
			target = 4297A61223B36DF500D75D5E /* ios_vcanbuy */;
			targetProxy = 4297A63323B36DF600D75D5E /* PBXContainerItemProxy */;
		};
/* End PBXTargetDependency section */

/* Begin PBXVariantGroup section */
		4297A61A23B36DF500D75D5E /* Main.storyboard */ = {
			isa = PBXVariantGroup;
			children = (
				4297A61B23B36DF500D75D5E /* Base */,
			);
			name = Main.storyboard;
			sourceTree = "<group>";
		};
		4297A61F23B36DF600D75D5E /* LaunchScreen.storyboard */ = {
			isa = PBXVariantGroup;
			children = (
				4297A62023B36DF600D75D5E /* Base */,
			);
			name = LaunchScreen.storyboard;
			sourceTree = "<group>";
		};
/* End PBXVariantGroup section */

/* Begin XCBuildConfiguration section */
		4297A63923B36DF600D75D5E /* Debug */ = {
			isa = XCBuildConfiguration;
			buildSettings = {
				ALWAYS_SEARCH_USER_PATHS = NO;
				CLANG_ANALYZER_NONNULL = YES;
				CLANG_ANALYZER_NUMBER_OBJECT_CONVERSION = YES_AGGRESSIVE;
				CLANG_CXX_LANGUAGE_STANDARD = "gnu++14";
				CLANG_CXX_LIBRARY = "libc++";
				CLANG_ENABLE_MODULES = YES;
				CLANG_ENABLE_OBJC_ARC = YES;
				CLANG_ENABLE_OBJC_WEAK = YES;
				CLANG_WARN_BLOCK_CAPTURE_AUTORELEASING = YES;
				CLANG_WARN_BOOL_CONVERSION = YES;
				CLANG_WARN_COMMA = YES;
				CLANG_WARN_CONSTANT_CONVERSION = YES;
				CLANG_WARN_DEPRECATED_OBJC_IMPLEMENTATIONS = YES;
				CLANG_WARN_DIRECT_OBJC_ISA_USAGE = YES_ERROR;
				CLANG_WARN_DOCUMENTATION_COMMENTS = YES;
				CLANG_WARN_EMPTY_BODY = YES;
				CLANG_WARN_ENUM_CONVERSION = YES;
				CLANG_WARN_INFINITE_RECURSION = YES;
				CLANG_WARN_INT_CONVERSION = YES;
				CLANG_WARN_NON_LITERAL_NULL_CONVERSION = YES;
				CLANG_WARN_OBJC_IMPLICIT_RETAIN_SELF = YES;
				CLANG_WARN_OBJC_LITERAL_CONVERSION = YES;
				CLANG_WARN_OBJC_ROOT_CLASS = YES_ERROR;
				CLANG_WARN_RANGE_LOOP_ANALYSIS = YES;
				CLANG_WARN_STRICT_PROTOTYPES = YES;
				CLANG_WARN_SUSPICIOUS_MOVE = YES;
				CLANG_WARN_UNGUARDED_AVAILABILITY = YES_AGGRESSIVE;
				CLANG_WARN_UNREACHABLE_CODE = YES;
				CLANG_WARN__DUPLICATE_METHOD_MATCH = YES;
				CODE_SIGN_IDENTITY = "iPhone Developer";
				COPY_PHASE_STRIP = NO;
				DEBUG_INFORMATION_FORMAT = dwarf;
				ENABLE_STRICT_OBJC_MSGSEND = YES;
				ENABLE_TESTABILITY = YES;
				GCC_C_LANGUAGE_STANDARD = gnu11;
				GCC_DYNAMIC_NO_PIC = NO;
				GCC_NO_COMMON_BLOCKS = YES;
				GCC_OPTIMIZATION_LEVEL = 0;
				GCC_PREPROCESSOR_DEFINITIONS = (
					"DEBUG=1",
					"$(inherited)",
				);
				GCC_WARN_64_TO_32_BIT_CONVERSION = YES;
				GCC_WARN_ABOUT_RETURN_TYPE = YES_ERROR;
				GCC_WARN_UNDECLARED_SELECTOR = YES;
				GCC_WARN_UNINITIALIZED_AUTOS = YES_AGGRESSIVE;
				GCC_WARN_UNUSED_FUNCTION = YES;
				GCC_WARN_UNUSED_VARIABLE = YES;
				IPHONEOS_DEPLOYMENT_TARGET = 12.0;
				MTL_ENABLE_DEBUG_INFO = INCLUDE_SOURCE;
				MTL_FAST_MATH = YES;
				ONLY_ACTIVE_ARCH = YES;
				SDKROOT = iphoneos;
				SWIFT_ACTIVE_COMPILATION_CONDITIONS = DEBUG;
				SWIFT_OPTIMIZATION_LEVEL = "-Onone";
			};
			name = Debug;
		};
		4297A63A23B36DF600D75D5E /* Release */ = {
			isa = XCBuildConfiguration;
			buildSettings = {
				ALWAYS_SEARCH_USER_PATHS = NO;
				CLANG_ANALYZER_NONNULL = YES;
				CLANG_ANALYZER_NUMBER_OBJECT_CONVERSION = YES_AGGRESSIVE;
				CLANG_CXX_LANGUAGE_STANDARD = "gnu++14";
				CLANG_CXX_LIBRARY = "libc++";
				CLANG_ENABLE_MODULES = YES;
				CLANG_ENABLE_OBJC_ARC = YES;
				CLANG_ENABLE_OBJC_WEAK = YES;
				CLANG_WARN_BLOCK_CAPTURE_AUTORELEASING = YES;
				CLANG_WARN_BOOL_CONVERSION = YES;
				CLANG_WARN_COMMA = YES;
				CLANG_WARN_CONSTANT_CONVERSION = YES;
				CLANG_WARN_DEPRECATED_OBJC_IMPLEMENTATIONS = YES;
				CLANG_WARN_DIRECT_OBJC_ISA_USAGE = YES_ERROR;
				CLANG_WARN_DOCUMENTATION_COMMENTS = YES;
				CLANG_WARN_EMPTY_BODY = YES;
				CLANG_WARN_ENUM_CONVERSION = YES;
				CLANG_WARN_INFINITE_RECURSION = YES;
				CLANG_WARN_INT_CONVERSION = YES;
				CLANG_WARN_NON_LITERAL_NULL_CONVERSION = YES;
				CLANG_WARN_OBJC_IMPLICIT_RETAIN_SELF = YES;
				CLANG_WARN_OBJC_LITERAL_CONVERSION = YES;
				CLANG_WARN_OBJC_ROOT_CLASS = YES_ERROR;
				CLANG_WARN_RANGE_LOOP_ANALYSIS = YES;
				CLANG_WARN_STRICT_PROTOTYPES = YES;
				CLANG_WARN_SUSPICIOUS_MOVE = YES;
				CLANG_WARN_UNGUARDED_AVAILABILITY = YES_AGGRESSIVE;
				CLANG_WARN_UNREACHABLE_CODE = YES;
				CLANG_WARN__DUPLICATE_METHOD_MATCH = YES;
				CODE_SIGN_IDENTITY = "iPhone Developer";
				COPY_PHASE_STRIP = NO;
				DEBUG_INFORMATION_FORMAT = "dwarf-with-dsym";
				ENABLE_NS_ASSERTIONS = NO;
				ENABLE_STRICT_OBJC_MSGSEND = YES;
				GCC_C_LANGUAGE_STANDARD = gnu11;
				GCC_NO_COMMON_BLOCKS = YES;
				GCC_WARN_64_TO_32_BIT_CONVERSION = YES;
				GCC_WARN_ABOUT_RETURN_TYPE = YES_ERROR;
				GCC_WARN_UNDECLARED_SELECTOR = YES;
				GCC_WARN_UNINITIALIZED_AUTOS = YES_AGGRESSIVE;
				GCC_WARN_UNUSED_FUNCTION = YES;
				GCC_WARN_UNUSED_VARIABLE = YES;
				IPHONEOS_DEPLOYMENT_TARGET = 12.0;
				MTL_ENABLE_DEBUG_INFO = NO;
				MTL_FAST_MATH = YES;
				SDKROOT = iphoneos;
				SWIFT_COMPILATION_MODE = wholemodule;
				SWIFT_OPTIMIZATION_LEVEL = "-O";
				VALIDATE_PRODUCT = YES;
			};
			name = Release;
		};
		4297A63C23B36DF600D75D5E /* Debug */ = {
			isa = XCBuildConfiguration;
			baseConfigurationReference = 9510ABFECC92B2AA6051A030 /* Pods-ios_vcanbuy.debug.xcconfig */;
			buildSettings = {
				ASSETCATALOG_COMPILER_APPICON_NAME = AppIcon;
				ASSETCATALOG_COMPILER_LAUNCHIMAGE_NAME = LaunchImage;
				CODE_SIGN_IDENTITY = "Apple Distribution: VCANBUY COMPANY LIMITED (B94HYA9BJ7)";
				CODE_SIGN_STYLE = Manual;
				CURRENT_PROJECT_VERSION = 17;
				DEVELOPMENT_TEAM = B94HYA9BJ7;
				INFOPLIST_FILE = ios_vcanbuy/Info.plist;
				IPHONEOS_DEPLOYMENT_TARGET = 9.0;
				LD_RUNPATH_SEARCH_PATHS = (
					"$(inherited)",
					"@executable_path/Frameworks",
				);
				MARKETING_VERSION = 1.16;
				PRODUCT_BUNDLE_IDENTIFIER = "vcanbuy.ios-m-vcanbuy";
				PRODUCT_NAME = "$(TARGET_NAME)";
				PROVISIONING_PROFILE_SPECIFIER = "ios vcanbuy";
				SWIFT_VERSION = 4.2;
				TARGETED_DEVICE_FAMILY = "1,2";
			};
			name = Debug;
		};
		4297A63D23B36DF600D75D5E /* Release */ = {
			isa = XCBuildConfiguration;
			baseConfigurationReference = 7DF43DE43BE869EE67AEBEF6 /* Pods-ios_vcanbuy.release.xcconfig */;
			buildSettings = {
				ASSETCATALOG_COMPILER_APPICON_NAME = AppIcon;
				ASSETCATALOG_COMPILER_LAUNCHIMAGE_NAME = LaunchImage;
				CODE_SIGN_IDENTITY = "Apple Distribution: VCANBUY COMPANY LIMITED (B94HYA9BJ7)";
				CODE_SIGN_STYLE = Manual;
				CURRENT_PROJECT_VERSION = 17;
				DEVELOPMENT_TEAM = B94HYA9BJ7;
				INFOPLIST_FILE = ios_vcanbuy/Info.plist;
				IPHONEOS_DEPLOYMENT_TARGET = 9.0;
				LD_RUNPATH_SEARCH_PATHS = (
					"$(inherited)",
					"@executable_path/Frameworks",
				);
				MARKETING_VERSION = 1.16;
				PRODUCT_BUNDLE_IDENTIFIER = "vcanbuy.ios-m-vcanbuy";
				PRODUCT_NAME = "$(TARGET_NAME)";
				PROVISIONING_PROFILE_SPECIFIER = "ios vcanbuy";
				SWIFT_VERSION = 4.2;
				TARGETED_DEVICE_FAMILY = "1,2";
			};
			name = Release;
		};
		4297A63F23B36DF600D75D5E /* Debug */ = {
			isa = XCBuildConfiguration;
			baseConfigurationReference = 81FCF892CB18C3F173F41E76 /* Pods-ios_vcanbuyTests.debug.xcconfig */;
			buildSettings = {
				ALWAYS_EMBED_SWIFT_STANDARD_LIBRARIES = YES;
				BUNDLE_LOADER = "$(TEST_HOST)";
				CODE_SIGN_STYLE = Automatic;
				DEVELOPMENT_TEAM = WAT5473QGS;
				INFOPLIST_FILE = ios_vcanbuyTests/Info.plist;
				LD_RUNPATH_SEARCH_PATHS = (
					"$(inherited)",
					"@executable_path/Frameworks",
					"@loader_path/Frameworks",
				);
				PRODUCT_BUNDLE_IDENTIFIER = "vcanbuy.ios-vcanbuyTests";
				PRODUCT_NAME = "$(TARGET_NAME)";
				SWIFT_VERSION = 4.2;
				TARGETED_DEVICE_FAMILY = "1,2";
				TEST_HOST = "$(BUILT_PRODUCTS_DIR)/ios_vcanbuy.app/ios_vcanbuy";
			};
			name = Debug;
		};
		4297A64023B36DF600D75D5E /* Release */ = {
			isa = XCBuildConfiguration;
			baseConfigurationReference = B404393AAFF81BD1A1ECBD54 /* Pods-ios_vcanbuyTests.release.xcconfig */;
			buildSettings = {
				ALWAYS_EMBED_SWIFT_STANDARD_LIBRARIES = YES;
				BUNDLE_LOADER = "$(TEST_HOST)";
				CODE_SIGN_STYLE = Automatic;
				DEVELOPMENT_TEAM = WAT5473QGS;
				INFOPLIST_FILE = ios_vcanbuyTests/Info.plist;
				LD_RUNPATH_SEARCH_PATHS = (
					"$(inherited)",
					"@executable_path/Frameworks",
					"@loader_path/Frameworks",
				);
				PRODUCT_BUNDLE_IDENTIFIER = "vcanbuy.ios-vcanbuyTests";
				PRODUCT_NAME = "$(TARGET_NAME)";
				SWIFT_VERSION = 4.2;
				TARGETED_DEVICE_FAMILY = "1,2";
				TEST_HOST = "$(BUILT_PRODUCTS_DIR)/ios_vcanbuy.app/ios_vcanbuy";
			};
			name = Release;
		};
		4297A64223B36DF600D75D5E /* Debug */ = {
			isa = XCBuildConfiguration;
			baseConfigurationReference = 3874CB11A4B8EAAB8D3C3ACA /* Pods-ios_vcanbuyUITests.debug.xcconfig */;
			buildSettings = {
				ALWAYS_EMBED_SWIFT_STANDARD_LIBRARIES = YES;
				CODE_SIGN_STYLE = Automatic;
				DEVELOPMENT_TEAM = WAT5473QGS;
				INFOPLIST_FILE = ios_vcanbuyUITests/Info.plist;
				LD_RUNPATH_SEARCH_PATHS = (
					"$(inherited)",
					"@executable_path/Frameworks",
					"@loader_path/Frameworks",
				);
				PRODUCT_BUNDLE_IDENTIFIER = "vcanbuy.ios-vcanbuyUITests";
				PRODUCT_NAME = "$(TARGET_NAME)";
				SWIFT_VERSION = 4.2;
				TARGETED_DEVICE_FAMILY = "1,2";
				TEST_TARGET_NAME = ios_vcanbuy;
			};
			name = Debug;
		};
		4297A64323B36DF600D75D5E /* Release */ = {
			isa = XCBuildConfiguration;
			baseConfigurationReference = 1BC5124686E109CC230075C7 /* Pods-ios_vcanbuyUITests.release.xcconfig */;
			buildSettings = {
				ALWAYS_EMBED_SWIFT_STANDARD_LIBRARIES = YES;
				CODE_SIGN_STYLE = Automatic;
				DEVELOPMENT_TEAM = WAT5473QGS;
				INFOPLIST_FILE = ios_vcanbuyUITests/Info.plist;
				LD_RUNPATH_SEARCH_PATHS = (
					"$(inherited)",
					"@executable_path/Frameworks",
					"@loader_path/Frameworks",
				);
				PRODUCT_BUNDLE_IDENTIFIER = "vcanbuy.ios-vcanbuyUITests";
				PRODUCT_NAME = "$(TARGET_NAME)";
				SWIFT_VERSION = 4.2;
				TARGETED_DEVICE_FAMILY = "1,2";
				TEST_TARGET_NAME = ios_vcanbuy;
			};
			name = Release;
		};
/* End XCBuildConfiguration section */

/* Begin XCConfigurationList section */
		4297A60E23B36DF500D75D5E /* Build configuration list for PBXProject "ios_vcanbuy" */ = {
			isa = XCConfigurationList;
			buildConfigurations = (
				4297A63923B36DF600D75D5E /* Debug */,
				4297A63A23B36DF600D75D5E /* Release */,
			);
			defaultConfigurationIsVisible = 0;
			defaultConfigurationName = Release;
		};
		4297A63B23B36DF600D75D5E /* Build configuration list for PBXNativeTarget "ios_vcanbuy" */ = {
			isa = XCConfigurationList;
			buildConfigurations = (
				4297A63C23B36DF600D75D5E /* Debug */,
				4297A63D23B36DF600D75D5E /* Release */,
			);
			defaultConfigurationIsVisible = 0;
			defaultConfigurationName = Release;
		};
		4297A63E23B36DF600D75D5E /* Build configuration list for PBXNativeTarget "ios_vcanbuyTests" */ = {
			isa = XCConfigurationList;
			buildConfigurations = (
				4297A63F23B36DF600D75D5E /* Debug */,
				4297A64023B36DF600D75D5E /* Release */,
			);
			defaultConfigurationIsVisible = 0;
			defaultConfigurationName = Release;
		};
		4297A64123B36DF600D75D5E /* Build configuration list for PBXNativeTarget "ios_vcanbuyUITests" */ = {
			isa = XCConfigurationList;
			buildConfigurations = (
				4297A64223B36DF600D75D5E /* Debug */,
				4297A64323B36DF600D75D5E /* Release */,
			);
			defaultConfigurationIsVisible = 0;
			defaultConfigurationName = Release;
		};
/* End XCConfigurationList section */
	};
	rootObject = 4297A60B23B36DF500D75D5E /* Project object */;
}
